
Microsoft Visual Studio Solution File, Format Version 12.00
# Visual Studio Version 17
VisualStudioVersion = 17.8.34309.116
MinimumVisualStudioVersion = 10.0.40219.1
Project("{FAE04EC0-301F-11D3-BF4B-00C04F79EFBC}") = "testselectors", "testselectors\testselectors.csproj", "{380F0A89-D702-4945-84A7-F024810E7B4C}"
EndProject
Global
	GlobalSection(SolutionConfigurationPlatforms) = preSolution
		Debug|Any CPU = Debug|Any CPU
		Release|Any CPU = Release|Any CPU
	EndGlobalSection
	GlobalSection(ProjectConfigurationPlatforms) = postSolution
		{380F0A89-D702-4945-84A7-F024810E7B4C}.Debug|Any CPU.ActiveCfg = Debug|Any CPU
		{380F0A89-D702-4945-84A7-F024810E7B4C}.Debug|Any CPU.Build.0 = Debug|Any CPU
		{380F0A89-D702-4945-84A7-F024810E7B4C}.Release|Any CPU.ActiveCfg = Release|Any CPU
		{380F0A89-D702-4945-84A7-F024810E7B4C}.Release|Any CPU.Build.0 = Release|Any CPU
	EndGlobalSection
	GlobalSection(SolutionProperties) = preSolution
		HideSolutionNode = FALSE
	EndGlobalSection
	GlobalSection(ExtensibilityGlobals) = postSolution
		SolutionGuid = {77849E65-10EE-4CB6-8542-BBCF20D0DC31}
	EndGlobalSection
EndGlobal
